// !$*UTF8*$!
{
	archiveVersion = 1;
	classes = {
	};
	objectVersion = 56;
	objects = {

/* Begin PBXBuildFile section */
		C6A43E1F2C6FBD740001FC4E /* Extensions.swift in Sources */ = {isa = PBXBuildFile; fileRef = C6A43E1E2C6FBD740001FC4E /* Extensions.swift */; };
		C6D53D9F2C6E7DFE00BE42E0 /* ToDoListApp.swift in Sources */ = {isa = PBXBuildFile; fileRef = C6D53D9E2C6E7DFE00BE42E0 /* ToDoListApp.swift */; };
		C6D53DA12C6E7DFE00BE42E0 /* ContentView.swift in Sources */ = {isa = PBXBuildFile; fileRef = C6D53DA02C6E7DFE00BE42E0 /* ContentView.swift */; };
		C6D53DA32C6E7E0000BE42E0 /* Assets.xcassets in Resources */ = {isa = PBXBuildFile; fileRef = C6D53DA22C6E7E0000BE42E0 /* Assets.xcassets */; };
		C6D53DA62C6E7E0000BE42E0 /* Preview Assets.xcassets in Resources */ = {isa = PBXBuildFile; fileRef = C6D53DA52C6E7E0000BE42E0 /* Preview Assets.xcassets */; };
		C6D53DB02C6E7E0100BE42E0 /* ToDoListTests.swift in Sources */ = {isa = PBXBuildFile; fileRef = C6D53DAF2C6E7E0100BE42E0 /* ToDoListTests.swift */; };
		C6D53DBA2C6E7E0100BE42E0 /* ToDoListUITests.swift in Sources */ = {isa = PBXBuildFile; fileRef = C6D53DB92C6E7E0100BE42E0 /* ToDoListUITests.swift */; };
		C6D53DBC2C6E7E0100BE42E0 /* ToDoListUITestsLaunchTests.swift in Sources */ = {isa = PBXBuildFile; fileRef = C6D53DBB2C6E7E0100BE42E0 /* ToDoListUITestsLaunchTests.swift */; };
		C6D53DCA2C6F78C100BE42E0 /* FirebaseAuth in Frameworks */ = {isa = PBXBuildFile; productRef = C6D53DC92C6F78C100BE42E0 /* FirebaseAuth */; };
		C6D53DCC2C6F78C100BE42E0 /* FirebaseFirestore in Frameworks */ = {isa = PBXBuildFile; productRef = C6D53DCB2C6F78C100BE42E0 /* FirebaseFirestore */; };
		C6D53DCE2C6F78C100BE42E0 /* FirebaseFirestoreCombine-Community in Frameworks */ = {isa = PBXBuildFile; productRef = C6D53DCD2C6F78C100BE42E0 /* FirebaseFirestoreCombine-Community */; };
		C6D5F9D82C6F7CCF00DFB0C9 /* GoogleService-Info.plist in Resources */ = {isa = PBXBuildFile; fileRef = C6D5F9D72C6F7CCF00DFB0C9 /* GoogleService-Info.plist */; };
		C6D5F9DA2C6F7D0C00DFB0C9 /* HeaderView.swift in Sources */ = {isa = PBXBuildFile; fileRef = C6D5F9D92C6F7D0C00DFB0C9 /* HeaderView.swift */; };
		C6D5F9DC2C6F7D1900DFB0C9 /* LoginView.swift in Sources */ = {isa = PBXBuildFile; fileRef = C6D5F9DB2C6F7D1900DFB0C9 /* LoginView.swift */; };
		C6D5F9DE2C6F7D2200DFB0C9 /* MainView.swift in Sources */ = {isa = PBXBuildFile; fileRef = C6D5F9DD2C6F7D2200DFB0C9 /* MainView.swift */; };
		C6D5F9E02C6F7D3B00DFB0C9 /* NewItemView.swift in Sources */ = {isa = PBXBuildFile; fileRef = C6D5F9DF2C6F7D3B00DFB0C9 /* NewItemView.swift */; };
		C6D5F9E22C6F7D4800DFB0C9 /* ProfileView.swift in Sources */ = {isa = PBXBuildFile; fileRef = C6D5F9E12C6F7D4800DFB0C9 /* ProfileView.swift */; };
		C6D5F9E42C6F7D5300DFB0C9 /* RegisterView.swift in Sources */ = {isa = PBXBuildFile; fileRef = C6D5F9E32C6F7D5300DFB0C9 /* RegisterView.swift */; };
		C6D5F9E62C6F7D6100DFB0C9 /* TLButton.swift in Sources */ = {isa = PBXBuildFile; fileRef = C6D5F9E52C6F7D6100DFB0C9 /* TLButton.swift */; };
		C6D5F9E82C6F7D8200DFB0C9 /* ToDoListItemView.swift in Sources */ = {isa = PBXBuildFile; fileRef = C6D5F9E72C6F7D8200DFB0C9 /* ToDoListItemView.swift */; };
		C6D5F9EA2C6F7D9000DFB0C9 /* ToDoListView.swift in Sources */ = {isa = PBXBuildFile; fileRef = C6D5F9E92C6F7D9000DFB0C9 /* ToDoListView.swift */; };
		C6D5F9EC2C6F7DA900DFB0C9 /* LoginViewViewModel.swift in Sources */ = {isa = PBXBuildFile; fileRef = C6D5F9EB2C6F7DA900DFB0C9 /* LoginViewViewModel.swift */; };
		C6D5F9EE2C6F7DBD00DFB0C9 /* MainViewViewModel.swift in Sources */ = {isa = PBXBuildFile; fileRef = C6D5F9ED2C6F7DBD00DFB0C9 /* MainViewViewModel.swift */; };
		C6D5F9F02C6F7DDA00DFB0C9 /* NewItemViewViewModel.swift in Sources */ = {isa = PBXBuildFile; fileRef = C6D5F9EF2C6F7DDA00DFB0C9 /* NewItemViewViewModel.swift */; };
		C6D5F9F22C6F7DE600DFB0C9 /* ProfileViewViewModel.swift in Sources */ = {isa = PBXBuildFile; fileRef = C6D5F9F12C6F7DE600DFB0C9 /* ProfileViewViewModel.swift */; };
		C6D5F9F42C6F7DFA00DFB0C9 /* RegisterViewViewModel.swift in Sources */ = {isa = PBXBuildFile; fileRef = C6D5F9F32C6F7DFA00DFB0C9 /* RegisterViewViewModel.swift */; };
		C6D5F9F62C6F7E1300DFB0C9 /* ToDoListItemViewViewModel.swift in Sources */ = {isa = PBXBuildFile; fileRef = C6D5F9F52C6F7E1300DFB0C9 /* ToDoListItemViewViewModel.swift */; };
		C6D5F9F82C6F7E2500DFB0C9 /* ToDoListViewViewModel.swift in Sources */ = {isa = PBXBuildFile; fileRef = C6D5F9F72C6F7E2500DFB0C9 /* ToDoListViewViewModel.swift */; };
		C6D5F9FA2C6F7E4A00DFB0C9 /* ToDoListItem.swift in Sources */ = {isa = PBXBuildFile; fileRef = C6D5F9F92C6F7E4A00DFB0C9 /* ToDoListItem.swift */; };
		C6D5F9FC2C6F7E5200DFB0C9 /* User.swift in Sources */ = {isa = PBXBuildFile; fileRef = C6D5F9FB2C6F7E5200DFB0C9 /* User.swift */; };
/* End PBXBuildFile section */

/* Begin PBXContainerItemProxy section */
		C6D53DAC2C6E7E0100BE42E0 /* PBXContainerItemProxy */ = {
			isa = PBXContainerItemProxy;
			containerPortal = C6D53D932C6E7DFE00BE42E0 /* Project object */;
			proxyType = 1;
			remoteGlobalIDString = C6D53D9A2C6E7DFE00BE42E0;
			remoteInfo = ToDoList;
		};
		C6D53DB62C6E7E0100BE42E0 /* PBXContainerItemProxy */ = {
			isa = PBXContainerItemProxy;
			containerPortal = C6D53D932C6E7DFE00BE42E0 /* Project object */;
			proxyType = 1;
			remoteGlobalIDString = C6D53D9A2C6E7DFE00BE42E0;
			remoteInfo = ToDoList;
		};
/* End PBXContainerItemProxy section */

/* Begin PBXFileReference section */
		C6A43E1E2C6FBD740001FC4E /* Extensions.swift */ = {isa = PBXFileReference; lastKnownFileType = sourcecode.swift; path = Extensions.swift; sourceTree = "<group>"; };
		C6D53D9B2C6E7DFE00BE42E0 /* ToDoList.app */ = {isa = PBXFileReference; explicitFileType = wrapper.application; includeInIndex = 0; path = ToDoList.app; sourceTree = BUILT_PRODUCTS_DIR; };
		C6D53D9E2C6E7DFE00BE42E0 /* ToDoListApp.swift */ = {isa = PBXFileReference; lastKnownFileType = sourcecode.swift; path = ToDoListApp.swift; sourceTree = "<group>"; };
		C6D53DA02C6E7DFE00BE42E0 /* ContentView.swift */ = {isa = PBXFileReference; lastKnownFileType = sourcecode.swift; path = ContentView.swift; sourceTree = "<group>"; };
		C6D53DA22C6E7E0000BE42E0 /* Assets.xcassets */ = {isa = PBXFileReference; lastKnownFileType = folder.assetcatalog; path = Assets.xcassets; sourceTree = "<group>"; };
		C6D53DA52C6E7E0000BE42E0 /* Preview Assets.xcassets */ = {isa = PBXFileReference; lastKnownFileType = folder.assetcatalog; path = "Preview Assets.xcassets"; sourceTree = "<group>"; };
		C6D53DAB2C6E7E0100BE42E0 /* ToDoListTests.xctest */ = {isa = PBXFileReference; explicitFileType = wrapper.cfbundle; includeInIndex = 0; path = ToDoListTests.xctest; sourceTree = BUILT_PRODUCTS_DIR; };
		C6D53DAF2C6E7E0100BE42E0 /* ToDoListTests.swift */ = {isa = PBXFileReference; lastKnownFileType = sourcecode.swift; path = ToDoListTests.swift; sourceTree = "<group>"; };
		C6D53DB52C6E7E0100BE42E0 /* ToDoListUITests.xctest */ = {isa = PBXFileReference; explicitFileType = wrapper.cfbundle; includeInIndex = 0; path = ToDoListUITests.xctest; sourceTree = BUILT_PRODUCTS_DIR; };
		C6D53DB92C6E7E0100BE42E0 /* ToDoListUITests.swift */ = {isa = PBXFileReference; lastKnownFileType = sourcecode.swift; path = ToDoListUITests.swift; sourceTree = "<group>"; };
		C6D53DBB2C6E7E0100BE42E0 /* ToDoListUITestsLaunchTests.swift */ = {isa = PBXFileReference; lastKnownFileType = sourcecode.swift; path = ToDoListUITestsLaunchTests.swift; sourceTree = "<group>"; };
		C6D5F9D72C6F7CCF00DFB0C9 /* GoogleService-Info.plist */ = {isa = PBXFileReference; fileEncoding = 4; lastKnownFileType = text.plist.xml; path = "GoogleService-Info.plist"; sourceTree = "<group>"; };
		C6D5F9D92C6F7D0C00DFB0C9 /* HeaderView.swift */ = {isa = PBXFileReference; lastKnownFileType = sourcecode.swift; path = HeaderView.swift; sourceTree = "<group>"; };
		C6D5F9DB2C6F7D1900DFB0C9 /* LoginView.swift */ = {isa = PBXFileReference; lastKnownFileType = sourcecode.swift; path = LoginView.swift; sourceTree = "<group>"; };
		C6D5F9DD2C6F7D2200DFB0C9 /* MainView.swift */ = {isa = PBXFileReference; lastKnownFileType = sourcecode.swift; path = MainView.swift; sourceTree = "<group>"; };
		C6D5F9DF2C6F7D3B00DFB0C9 /* NewItemView.swift */ = {isa = PBXFileReference; lastKnownFileType = sourcecode.swift; path = NewItemView.swift; sourceTree = "<group>"; };
		C6D5F9E12C6F7D4800DFB0C9 /* ProfileView.swift */ = {isa = PBXFileReference; lastKnownFileType = sourcecode.swift; path = ProfileView.swift; sourceTree = "<group>"; };
		C6D5F9E32C6F7D5300DFB0C9 /* RegisterView.swift */ = {isa = PBXFileReference; lastKnownFileType = sourcecode.swift; path = RegisterView.swift; sourceTree = "<group>"; };
		C6D5F9E52C6F7D6100DFB0C9 /* TLButton.swift */ = {isa = PBXFileReference; lastKnownFileType = sourcecode.swift; path = TLButton.swift; sourceTree = "<group>"; };
		C6D5F9E72C6F7D8200DFB0C9 /* ToDoListItemView.swift */ = {isa = PBXFileReference; lastKnownFileType = sourcecode.swift; path = ToDoListItemView.swift; sourceTree = "<group>"; };
		C6D5F9E92C6F7D9000DFB0C9 /* ToDoListView.swift */ = {isa = PBXFileReference; lastKnownFileType = sourcecode.swift; path = ToDoListView.swift; sourceTree = "<group>"; };
		C6D5F9EB2C6F7DA900DFB0C9 /* LoginViewViewModel.swift */ = {isa = PBXFileReference; lastKnownFileType = sourcecode.swift; path = LoginViewViewModel.swift; sourceTree = "<group>"; };
		C6D5F9ED2C6F7DBD00DFB0C9 /* MainViewViewModel.swift */ = {isa = PBXFileReference; lastKnownFileType = sourcecode.swift; path = MainViewViewModel.swift; sourceTree = "<group>"; };
		C6D5F9EF2C6F7DDA00DFB0C9 /* NewItemViewViewModel.swift */ = {isa = PBXFileReference; lastKnownFileType = sourcecode.swift; path = NewItemViewViewModel.swift; sourceTree = "<group>"; };
		C6D5F9F12C6F7DE600DFB0C9 /* ProfileViewViewModel.swift */ = {isa = PBXFileReference; lastKnownFileType = sourcecode.swift; path = ProfileViewViewModel.swift; sourceTree = "<group>"; };
		C6D5F9F32C6F7DFA00DFB0C9 /* RegisterViewViewModel.swift */ = {isa = PBXFileReference; lastKnownFileType = sourcecode.swift; path = RegisterViewViewModel.swift; sourceTree = "<group>"; };
		C6D5F9F52C6F7E1300DFB0C9 /* ToDoListItemViewViewModel.swift */ = {isa = PBXFileReference; lastKnownFileType = sourcecode.swift; path = ToDoListItemViewViewModel.swift; sourceTree = "<group>"; };
		C6D5F9F72C6F7E2500DFB0C9 /* ToDoListViewViewModel.swift */ = {isa = PBXFileReference; lastKnownFileType = sourcecode.swift; path = ToDoListViewViewModel.swift; sourceTree = "<group>"; };
		C6D5F9F92C6F7E4A00DFB0C9 /* ToDoListItem.swift */ = {isa = PBXFileReference; lastKnownFileType = sourcecode.swift; path = ToDoListItem.swift; sourceTree = "<group>"; };
		C6D5F9FB2C6F7E5200DFB0C9 /* User.swift */ = {isa = PBXFileReference; lastKnownFileType = sourcecode.swift; path = User.swift; sourceTree = "<group>"; };
/* End PBXFileReference section */

/* Begin PBXFrameworksBuildPhase section */
		C6D53D982C6E7DFE00BE42E0 /* Frameworks */ = {
			isa = PBXFrameworksBuildPhase;
			buildActionMask = 2147483647;
			files = (
				C6D53DCE2C6F78C100BE42E0 /* FirebaseFirestoreCombine-Community in Frameworks */,
				C6D53DCA2C6F78C100BE42E0 /* FirebaseAuth in Frameworks */,
				C6D53DCC2C6F78C100BE42E0 /* FirebaseFirestore in Frameworks */,
			);
			runOnlyForDeploymentPostprocessing = 0;
		};
		C6D53DA82C6E7E0100BE42E0 /* Frameworks */ = {
			isa = PBXFrameworksBuildPhase;
			buildActionMask = 2147483647;
			files = (
			);
			runOnlyForDeploymentPostprocessing = 0;
		};
		C6D53DB22C6E7E0100BE42E0 /* Frameworks */ = {
			isa = PBXFrameworksBuildPhase;
			buildActionMask = 2147483647;
			files = (
			);
			runOnlyForDeploymentPostprocessing = 0;
		};
/* End PBXFrameworksBuildPhase section */

/* Begin PBXGroup section */
		C6D53D922C6E7DFE00BE42E0 = {
			isa = PBXGroup;
			children = (
				C6D53D9D2C6E7DFE00BE42E0 /* ToDoList */,
				C6D53DAE2C6E7E0100BE42E0 /* ToDoListTests */,
				C6D53DB82C6E7E0100BE42E0 /* ToDoListUITests */,
				C6D53D9C2C6E7DFE00BE42E0 /* Products */,
			);
			sourceTree = "<group>";
		};
		C6D53D9C2C6E7DFE00BE42E0 /* Products */ = {
			isa = PBXGroup;
			children = (
				C6D53D9B2C6E7DFE00BE42E0 /* ToDoList.app */,
				C6D53DAB2C6E7E0100BE42E0 /* ToDoListTests.xctest */,
				C6D53DB52C6E7E0100BE42E0 /* ToDoListUITests.xctest */,
			);
			name = Products;
			sourceTree = "<group>";
		};
		C6D53D9D2C6E7DFE00BE42E0 /* ToDoList */ = {
			isa = PBXGroup;
			children = (
				C6D5F9D62C6F7C2F00DFB0C9 /* Others */,
				C6D5F9D52C6F7C1900DFB0C9 /* ViewModels */,
				C6D5F9D42C6F7C0F00DFB0C9 /* Views */,
				C6D5F9D32C6F7BFC00DFB0C9 /* Models */,
				C6D53DA02C6E7DFE00BE42E0 /* ContentView.swift */,
				C6D53DA22C6E7E0000BE42E0 /* Assets.xcassets */,
				C6D53DA42C6E7E0000BE42E0 /* Preview Content */,
			);
			path = ToDoList;
			sourceTree = "<group>";
		};
		C6D53DA42C6E7E0000BE42E0 /* Preview Content */ = {
			isa = PBXGroup;
			children = (
				C6D53DA52C6E7E0000BE42E0 /* Preview Assets.xcassets */,
			);
			path = "Preview Content";
			sourceTree = "<group>";
		};
		C6D53DAE2C6E7E0100BE42E0 /* ToDoListTests */ = {
			isa = PBXGroup;
			children = (
				C6D53DAF2C6E7E0100BE42E0 /* ToDoListTests.swift */,
			);
			path = ToDoListTests;
			sourceTree = "<group>";
		};
		C6D53DB82C6E7E0100BE42E0 /* ToDoListUITests */ = {
			isa = PBXGroup;
			children = (
				C6D53DB92C6E7E0100BE42E0 /* ToDoListUITests.swift */,
				C6D53DBB2C6E7E0100BE42E0 /* ToDoListUITestsLaunchTests.swift */,
			);
			path = ToDoListUITests;
			sourceTree = "<group>";
		};
		C6D5F9D32C6F7BFC00DFB0C9 /* Models */ = {
			isa = PBXGroup;
			children = (
				C6D5F9F92C6F7E4A00DFB0C9 /* ToDoListItem.swift */,
				C6D5F9FB2C6F7E5200DFB0C9 /* User.swift */,
			);
			path = Models;
			sourceTree = "<group>";
		};
		C6D5F9D42C6F7C0F00DFB0C9 /* Views */ = {
			isa = PBXGroup;
			children = (
				C6D5F9D92C6F7D0C00DFB0C9 /* HeaderView.swift */,
				C6D5F9DB2C6F7D1900DFB0C9 /* LoginView.swift */,
				C6D5F9DD2C6F7D2200DFB0C9 /* MainView.swift */,
				C6D5F9DF2C6F7D3B00DFB0C9 /* NewItemView.swift */,
				C6D5F9E12C6F7D4800DFB0C9 /* ProfileView.swift */,
				C6D5F9E32C6F7D5300DFB0C9 /* RegisterView.swift */,
				C6D5F9E52C6F7D6100DFB0C9 /* TLButton.swift */,
				C6D5F9E92C6F7D9000DFB0C9 /* ToDoListView.swift */,
				C6D5F9E72C6F7D8200DFB0C9 /* ToDoListItemView.swift */,
			);
			path = Views;
			sourceTree = "<group>";
		};
		C6D5F9D52C6F7C1900DFB0C9 /* ViewModels */ = {
			isa = PBXGroup;
			children = (
				C6D5F9EB2C6F7DA900DFB0C9 /* LoginViewViewModel.swift */,
				C6D5F9ED2C6F7DBD00DFB0C9 /* MainViewViewModel.swift */,
				C6D5F9EF2C6F7DDA00DFB0C9 /* NewItemViewViewModel.swift */,
				C6D5F9F12C6F7DE600DFB0C9 /* ProfileViewViewModel.swift */,
				C6D5F9F32C6F7DFA00DFB0C9 /* RegisterViewViewModel.swift */,
				C6D5F9F52C6F7E1300DFB0C9 /* ToDoListItemViewViewModel.swift */,
				C6D5F9F72C6F7E2500DFB0C9 /* ToDoListViewViewModel.swift */,
			);
			path = ViewModels;
			sourceTree = "<group>";
		};
		C6D5F9D62C6F7C2F00DFB0C9 /* Others */ = {
			isa = PBXGroup;
			children = (
				C6D53D9E2C6E7DFE00BE42E0 /* ToDoListApp.swift */,
				C6D5F9D72C6F7CCF00DFB0C9 /* GoogleService-Info.plist */,
				C6A43E1E2C6FBD740001FC4E /* Extensions.swift */,
			);
			path = Others;
			sourceTree = "<group>";
		};
/* End PBXGroup section */

/* Begin PBXNativeTarget section */
		C6D53D9A2C6E7DFE00BE42E0 /* ToDoList */ = {
			isa = PBXNativeTarget;
			buildConfigurationList = C6D53DBF2C6E7E0100BE42E0 /* Build configuration list for PBXNativeTarget "ToDoList" */;
			buildPhases = (
				C6D53D972C6E7DFE00BE42E0 /* Sources */,
				C6D53D982C6E7DFE00BE42E0 /* Frameworks */,
				C6D53D992C6E7DFE00BE42E0 /* Resources */,
			);
			buildRules = (
			);
			dependencies = (
			);
			name = ToDoList;
			packageProductDependencies = (
				C6D53DC92C6F78C100BE42E0 /* FirebaseAuth */,
				C6D53DCB2C6F78C100BE42E0 /* FirebaseFirestore */,
				C6D53DCD2C6F78C100BE42E0 /* FirebaseFirestoreCombine-Community */,
			);
			productName = ToDoList;
			productReference = C6D53D9B2C6E7DFE00BE42E0 /* ToDoList.app */;
			productType = "com.apple.product-type.application";
		};
		C6D53DAA2C6E7E0100BE42E0 /* ToDoListTests */ = {
			isa = PBXNativeTarget;
			buildConfigurationList = C6D53DC22C6E7E0100BE42E0 /* Build configuration list for PBXNativeTarget "ToDoListTests" */;
			buildPhases = (
				C6D53DA72C6E7E0100BE42E0 /* Sources */,
				C6D53DA82C6E7E0100BE42E0 /* Frameworks */,
				C6D53DA92C6E7E0100BE42E0 /* Resources */,
			);
			buildRules = (
			);
			dependencies = (
				C6D53DAD2C6E7E0100BE42E0 /* PBXTargetDependency */,
			);
			name = ToDoListTests;
			productName = ToDoListTests;
			productReference = C6D53DAB2C6E7E0100BE42E0 /* ToDoListTests.xctest */;
			productType = "com.apple.product-type.bundle.unit-test";
		};
		C6D53DB42C6E7E0100BE42E0 /* ToDoListUITests */ = {
			isa = PBXNativeTarget;
			buildConfigurationList = C6D53DC52C6E7E0100BE42E0 /* Build configuration list for PBXNativeTarget "ToDoListUITests" */;
			buildPhases = (
				C6D53DB12C6E7E0100BE42E0 /* Sources */,
				C6D53DB22C6E7E0100BE42E0 /* Frameworks */,
				C6D53DB32C6E7E0100BE42E0 /* Resources */,
			);
			buildRules = (
			);
			dependencies = (
				C6D53DB72C6E7E0100BE42E0 /* PBXTargetDependency */,
			);
			name = ToDoListUITests;
			productName = ToDoListUITests;
			productReference = C6D53DB52C6E7E0100BE42E0 /* ToDoListUITests.xctest */;
			productType = "com.apple.product-type.bundle.ui-testing";
		};
/* End PBXNativeTarget section */

/* Begin PBXProject section */
		C6D53D932C6E7DFE00BE42E0 /* Project object */ = {
			isa = PBXProject;
			attributes = {
				BuildIndependentTargetsInParallel = 1;
				LastSwiftUpdateCheck = 1500;
				LastUpgradeCheck = 1500;
				TargetAttributes = {
					C6D53D9A2C6E7DFE00BE42E0 = {
						CreatedOnToolsVersion = 15.0;
					};
					C6D53DAA2C6E7E0100BE42E0 = {
						CreatedOnToolsVersion = 15.0;
						TestTargetID = C6D53D9A2C6E7DFE00BE42E0;
					};
					C6D53DB42C6E7E0100BE42E0 = {
						CreatedOnToolsVersion = 15.0;
						TestTargetID = C6D53D9A2C6E7DFE00BE42E0;
					};
				};
			};
			buildConfigurationList = C6D53D962C6E7DFE00BE42E0 /* Build configuration list for PBXProject "ToDoList" */;
			compatibilityVersion = "Xcode 14.0";
			developmentRegion = en;
			hasScannedForEncodings = 0;
			knownRegions = (
				en,
				Base,
			);
			mainGroup = C6D53D922C6E7DFE00BE42E0;
			packageReferences = (
				C6D53DC82C6F78C100BE42E0 /* XCRemoteSwiftPackageReference "firebase-ios-sdk" */,
			);
			productRefGroup = C6D53D9C2C6E7DFE00BE42E0 /* Products */;
			projectDirPath = "";
			projectRoot = "";
			targets = (
				C6D53D9A2C6E7DFE00BE42E0 /* ToDoList */,
				C6D53DAA2C6E7E0100BE42E0 /* ToDoListTests */,
				C6D53DB42C6E7E0100BE42E0 /* ToDoListUITests */,
			);
		};
/* End PBXProject section */

/* Begin PBXResourcesBuildPhase section */
		C6D53D992C6E7DFE00BE42E0 /* Resources */ = {
			isa = PBXResourcesBuildPhase;
			buildActionMask = 2147483647;
			files = (
				C6D53DA62C6E7E0000BE42E0 /* Preview Assets.xcassets in Resources */,
				C6D53DA32C6E7E0000BE42E0 /* Assets.xcassets in Resources */,
				C6D5F9D82C6F7CCF00DFB0C9 /* GoogleService-Info.plist in Resources */,
			);
			runOnlyForDeploymentPostprocessing = 0;
		};
		C6D53DA92C6E7E0100BE42E0 /* Resources */ = {
			isa = PBXResourcesBuildPhase;
			buildActionMask = 2147483647;
			files = (
			);
			runOnlyForDeploymentPostprocessing = 0;
		};
		C6D53DB32C6E7E0100BE42E0 /* Resources */ = {
			isa = PBXResourcesBuildPhase;
			buildActionMask = 2147483647;
			files = (
			);
			runOnlyForDeploymentPostprocessing = 0;
		};
/* End PBXResourcesBuildPhase section */

/* Begin PBXSourcesBuildPhase section */
		C6D53D972C6E7DFE00BE42E0 /* Sources */ = {
			isa = PBXSourcesBuildPhase;
			buildActionMask = 2147483647;
			files = (
				C6D5F9FA2C6F7E4A00DFB0C9 /* ToDoListItem.swift in Sources */,
				C6D5F9E02C6F7D3B00DFB0C9 /* NewItemView.swift in Sources */,
				C6D5F9E62C6F7D6100DFB0C9 /* TLButton.swift in Sources */,
				C6D5F9F42C6F7DFA00DFB0C9 /* RegisterViewViewModel.swift in Sources */,
				C6D5F9F22C6F7DE600DFB0C9 /* ProfileViewViewModel.swift in Sources */,
				C6D53DA12C6E7DFE00BE42E0 /* ContentView.swift in Sources */,
				C6D5F9DA2C6F7D0C00DFB0C9 /* HeaderView.swift in Sources */,
				C6D5F9DC2C6F7D1900DFB0C9 /* LoginView.swift in Sources */,
				C6D5F9FC2C6F7E5200DFB0C9 /* User.swift in Sources */,
				C6D5F9E82C6F7D8200DFB0C9 /* ToDoListItemView.swift in Sources */,
				C6D5F9DE2C6F7D2200DFB0C9 /* MainView.swift in Sources */,
				C6D5F9EC2C6F7DA900DFB0C9 /* LoginViewViewModel.swift in Sources */,
				C6D5F9EA2C6F7D9000DFB0C9 /* ToDoListView.swift in Sources */,
				C6A43E1F2C6FBD740001FC4E /* Extensions.swift in Sources */,
				C6D5F9EE2C6F7DBD00DFB0C9 /* MainViewViewModel.swift in Sources */,
				C6D5F9E42C6F7D5300DFB0C9 /* RegisterView.swift in Sources */,
				C6D5F9F82C6F7E2500DFB0C9 /* ToDoListViewViewModel.swift in Sources */,
				C6D5F9E22C6F7D4800DFB0C9 /* ProfileView.swift in Sources */,
				C6D53D9F2C6E7DFE00BE42E0 /* ToDoListApp.swift in Sources */,
				C6D5F9F02C6F7DDA00DFB0C9 /* NewItemViewViewModel.swift in Sources */,
				C6D5F9F62C6F7E1300DFB0C9 /* ToDoListItemViewViewModel.swift in Sources */,
			);
			runOnlyForDeploymentPostprocessing = 0;
		};
		C6D53DA72C6E7E0100BE42E0 /* Sources */ = {
			isa = PBXSourcesBuildPhase;
			buildActionMask = 2147483647;
			files = (
				C6D53DB02C6E7E0100BE42E0 /* ToDoListTests.swift in Sources */,
			);
			runOnlyForDeploymentPostprocessing = 0;
		};
		C6D53DB12C6E7E0100BE42E0 /* Sources */ = {
			isa = PBXSourcesBuildPhase;
			buildActionMask = 2147483647;
			files = (
				C6D53DBC2C6E7E0100BE42E0 /* ToDoListUITestsLaunchTests.swift in Sources */,
				C6D53DBA2C6E7E0100BE42E0 /* ToDoListUITests.swift in Sources */,
			);
			runOnlyForDeploymentPostprocessing = 0;
		};
/* End PBXSourcesBuildPhase section */

/* Begin PBXTargetDependency section */
		C6D53DAD2C6E7E0100BE42E0 /* PBXTargetDependency */ = {
			isa = PBXTargetDependency;
			target = C6D53D9A2C6E7DFE00BE42E0 /* ToDoList */;
			targetProxy = C6D53DAC2C6E7E0100BE42E0 /* PBXContainerItemProxy */;
		};
		C6D53DB72C6E7E0100BE42E0 /* PBXTargetDependency */ = {
			isa = PBXTargetDependency;
			target = C6D53D9A2C6E7DFE00BE42E0 /* ToDoList */;
			targetProxy = C6D53DB62C6E7E0100BE42E0 /* PBXContainerItemProxy */;
		};
/* End PBXTargetDependency section */

/* Begin XCBuildConfiguration section */
		C6D53DBD2C6E7E0100BE42E0 /* Debug */ = {
			isa = XCBuildConfiguration;
			buildSettings = {
				ALWAYS_SEARCH_USER_PATHS = NO;
				ASSETCATALOG_COMPILER_GENERATE_SWIFT_ASSET_SYMBOL_EXTENSIONS = YES;
				CLANG_ANALYZER_NONNULL = YES;
				CLANG_ANALYZER_NUMBER_OBJECT_CONVERSION = YES_AGGRESSIVE;
				CLANG_CXX_LANGUAGE_STANDARD = "gnu++20";
				CLANG_ENABLE_MODULES = YES;
				CLANG_ENABLE_OBJC_ARC = YES;
				CLANG_ENABLE_OBJC_WEAK = YES;
				CLANG_WARN_BLOCK_CAPTURE_AUTORELEASING = YES;
				CLANG_WARN_BOOL_CONVERSION = YES;
				CLANG_WARN_COMMA = YES;
				CLANG_WARN_CONSTANT_CONVERSION = YES;
				CLANG_WARN_DEPRECATED_OBJC_IMPLEMENTATIONS = YES;
				CLANG_WARN_DIRECT_OBJC_ISA_USAGE = YES_ERROR;
				CLANG_WARN_DOCUMENTATION_COMMENTS = YES;
				CLANG_WARN_EMPTY_BODY = YES;
				CLANG_WARN_ENUM_CONVERSION = YES;
				CLANG_WARN_INFINITE_RECURSION = YES;
				CLANG_WARN_INT_CONVERSION = YES;
				CLANG_WARN_NON_LITERAL_NULL_CONVERSION = YES;
				CLANG_WARN_OBJC_IMPLICIT_RETAIN_SELF = YES;
				CLANG_WARN_OBJC_LITERAL_CONVERSION = YES;
				CLANG_WARN_OBJC_ROOT_CLASS = YES_ERROR;
				CLANG_WARN_QUOTED_INCLUDE_IN_FRAMEWORK_HEADER = YES;
				CLANG_WARN_RANGE_LOOP_ANALYSIS = YES;
				CLANG_WARN_STRICT_PROTOTYPES = YES;
				CLANG_WARN_SUSPICIOUS_MOVE = YES;
				CLANG_WARN_UNGUARDED_AVAILABILITY = YES_AGGRESSIVE;
				CLANG_WARN_UNREACHABLE_CODE = YES;
				CLANG_WARN__DUPLICATE_METHOD_MATCH = YES;
				COPY_PHASE_STRIP = NO;
				DEBUG_INFORMATION_FORMAT = dwarf;
				ENABLE_STRICT_OBJC_MSGSEND = YES;
				ENABLE_TESTABILITY = YES;
				ENABLE_USER_SCRIPT_SANDBOXING = YES;
				GCC_C_LANGUAGE_STANDARD = gnu17;
				GCC_DYNAMIC_NO_PIC = NO;
				GCC_NO_COMMON_BLOCKS = YES;
				GCC_OPTIMIZATION_LEVEL = 0;
				GCC_PREPROCESSOR_DEFINITIONS = (
					"DEBUG=1",
					"$(inherited)",
				);
				GCC_WARN_64_TO_32_BIT_CONVERSION = YES;
				GCC_WARN_ABOUT_RETURN_TYPE = YES_ERROR;
				GCC_WARN_UNDECLARED_SELECTOR = YES;
				GCC_WARN_UNINITIALIZED_AUTOS = YES_AGGRESSIVE;
				GCC_WARN_UNUSED_FUNCTION = YES;
				GCC_WARN_UNUSED_VARIABLE = YES;
				IPHONEOS_DEPLOYMENT_TARGET = 17.0;
				LOCALIZATION_PREFERS_STRING_CATALOGS = YES;
				MTL_ENABLE_DEBUG_INFO = INCLUDE_SOURCE;
				MTL_FAST_MATH = YES;
				ONLY_ACTIVE_ARCH = YES;
				SDKROOT = iphoneos;
				SWIFT_ACTIVE_COMPILATION_CONDITIONS = "DEBUG $(inherited)";
				SWIFT_OPTIMIZATION_LEVEL = "-Onone";
			};
			name = Debug;
		};
		C6D53DBE2C6E7E0100BE42E0 /* Release */ = {
			isa = XCBuildConfiguration;
			buildSettings = {
				ALWAYS_SEARCH_USER_PATHS = NO;
				ASSETCATALOG_COMPILER_GENERATE_SWIFT_ASSET_SYMBOL_EXTENSIONS = YES;
				CLANG_ANALYZER_NONNULL = YES;
				CLANG_ANALYZER_NUMBER_OBJECT_CONVERSION = YES_AGGRESSIVE;
				CLANG_CXX_LANGUAGE_STANDARD = "gnu++20";
				CLANG_ENABLE_MODULES = YES;
				CLANG_ENABLE_OBJC_ARC = YES;
				CLANG_ENABLE_OBJC_WEAK = YES;
				CLANG_WARN_BLOCK_CAPTURE_AUTORELEASING = YES;
				CLANG_WARN_BOOL_CONVERSION = YES;
				CLANG_WARN_COMMA = YES;
				CLANG_WARN_CONSTANT_CONVERSION = YES;
				CLANG_WARN_DEPRECATED_OBJC_IMPLEMENTATIONS = YES;
				CLANG_WARN_DIRECT_OBJC_ISA_USAGE = YES_ERROR;
				CLANG_WARN_DOCUMENTATION_COMMENTS = YES;
				CLANG_WARN_EMPTY_BODY = YES;
				CLANG_WARN_ENUM_CONVERSION = YES;
				CLANG_WARN_INFINITE_RECURSION = YES;
				CLANG_WARN_INT_CONVERSION = YES;
				CLANG_WARN_NON_LITERAL_NULL_CONVERSION = YES;
				CLANG_WARN_OBJC_IMPLICIT_RETAIN_SELF = YES;
				CLANG_WARN_OBJC_LITERAL_CONVERSION = YES;
				CLANG_WARN_OBJC_ROOT_CLASS = YES_ERROR;
				CLANG_WARN_QUOTED_INCLUDE_IN_FRAMEWORK_HEADER = YES;
				CLANG_WARN_RANGE_LOOP_ANALYSIS = YES;
				CLANG_WARN_STRICT_PROTOTYPES = YES;
				CLANG_WARN_SUSPICIOUS_MOVE = YES;
				CLANG_WARN_UNGUARDED_AVAILABILITY = YES_AGGRESSIVE;
				CLANG_WARN_UNREACHABLE_CODE = YES;
				CLANG_WARN__DUPLICATE_METHOD_MATCH = YES;
				COPY_PHASE_STRIP = NO;
				DEBUG_INFORMATION_FORMAT = "dwarf-with-dsym";
				ENABLE_NS_ASSERTIONS = NO;
				ENABLE_STRICT_OBJC_MSGSEND = YES;
				ENABLE_USER_SCRIPT_SANDBOXING = YES;
				GCC_C_LANGUAGE_STANDARD = gnu17;
				GCC_NO_COMMON_BLOCKS = YES;
				GCC_WARN_64_TO_32_BIT_CONVERSION = YES;
				GCC_WARN_ABOUT_RETURN_TYPE = YES_ERROR;
				GCC_WARN_UNDECLARED_SELECTOR = YES;
				GCC_WARN_UNINITIALIZED_AUTOS = YES_AGGRESSIVE;
				GCC_WARN_UNUSED_FUNCTION = YES;
				GCC_WARN_UNUSED_VARIABLE = YES;
				IPHONEOS_DEPLOYMENT_TARGET = 17.0;
				LOCALIZATION_PREFERS_STRING_CATALOGS = YES;
				MTL_ENABLE_DEBUG_INFO = NO;
				MTL_FAST_MATH = YES;
				SDKROOT = iphoneos;
				SWIFT_COMPILATION_MODE = wholemodule;
				VALIDATE_PRODUCT = YES;
			};
			name = Release;
		};
		C6D53DC02C6E7E0100BE42E0 /* Debug */ = {
			isa = XCBuildConfiguration;
			buildSettings = {
				ASSETCATALOG_COMPILER_APPICON_NAME = AppIcon;
				ASSETCATALOG_COMPILER_GLOBAL_ACCENT_COLOR_NAME = AccentColor;
				CODE_SIGN_STYLE = Automatic;
				CURRENT_PROJECT_VERSION = 1;
				DEVELOPMENT_ASSET_PATHS = "\"ToDoList/Preview Content\"";
				DEVELOPMENT_TEAM = HMY846G9U2;
				ENABLE_PREVIEWS = YES;
				GENERATE_INFOPLIST_FILE = YES;
				INFOPLIST_KEY_CFBundleDisplayName = "To Do List";
				INFOPLIST_KEY_UIApplicationSceneManifest_Generation = YES;
				INFOPLIST_KEY_UIApplicationSupportsIndirectInputEvents = YES;
				INFOPLIST_KEY_UILaunchScreen_Generation = YES;
				INFOPLIST_KEY_UISupportedInterfaceOrientations = UIInterfaceOrientationPortrait;
				LD_RUNPATH_SEARCH_PATHS = (
					"$(inherited)",
					"@executable_path/Frameworks",
				);
				MARKETING_VERSION = 1.0;
				PRODUCT_BUNDLE_IDENTIFIER = vikram.ToDoList;
				PRODUCT_NAME = "$(TARGET_NAME)";
				SWIFT_EMIT_LOC_STRINGS = YES;
				SWIFT_VERSION = 5.0;
				TARGETED_DEVICE_FAMILY = "1,2";
			};
			name = Debug;
		};
		C6D53DC12C6E7E0100BE42E0 /* Release */ = {
			isa = XCBuildConfiguration;
			buildSettings = {
				ASSETCATALOG_COMPILER_APPICON_NAME = AppIcon;
				ASSETCATALOG_COMPILER_GLOBAL_ACCENT_COLOR_NAME = AccentColor;
				CODE_SIGN_STYLE = Automatic;
				CURRENT_PROJECT_VERSION = 1;
				DEVELOPMENT_ASSET_PATHS = "\"ToDoList/Preview Content\"";
				DEVELOPMENT_TEAM = HMY846G9U2;
				ENABLE_PREVIEWS = YES;
				GENERATE_INFOPLIST_FILE = YES;
				INFOPLIST_KEY_CFBundleDisplayName = "To Do List";
				INFOPLIST_KEY_UIApplicationSceneManifest_Generation = YES;
				INFOPLIST_KEY_UIApplicationSupportsIndirectInputEvents = YES;
				INFOPLIST_KEY_UILaunchScreen_Generation = YES;
				INFOPLIST_KEY_UISupportedInterfaceOrientations = UIInterfaceOrientationPortrait;
				LD_RUNPATH_SEARCH_PATHS = (
					"$(inherited)",
					"@executable_path/Frameworks",
				);
				MARKETING_VERSION = 1.0;
				PRODUCT_BUNDLE_IDENTIFIER = vikram.ToDoList;
				PRODUCT_NAME = "$(TARGET_NAME)";
				SWIFT_EMIT_LOC_STRINGS = YES;
				SWIFT_VERSION = 5.0;
				TARGETED_DEVICE_FAMILY = "1,2";
			};
			name = Release;
		};
		C6D53DC32C6E7E0100BE42E0 /* Debug */ = {
			isa = XCBuildConfiguration;
			buildSettings = {
				ALWAYS_EMBED_SWIFT_STANDARD_LIBRARIES = YES;
				BUNDLE_LOADER = "$(TEST_HOST)";
				CODE_SIGN_STYLE = Automatic;
				CURRENT_PROJECT_VERSION = 1;
				DEVELOPMENT_TEAM = HMY846G9U2;
				GENERATE_INFOPLIST_FILE = YES;
				IPHONEOS_DEPLOYMENT_TARGET = 17.0;
				MARKETING_VERSION = 1.0;
				PRODUCT_BUNDLE_IDENTIFIER = vikram.ToDoListTests;
				PRODUCT_NAME = "$(TARGET_NAME)";
				SWIFT_EMIT_LOC_STRINGS = NO;
				SWIFT_VERSION = 5.0;
				TARGETED_DEVICE_FAMILY = "1,2";
				TEST_HOST = "$(BUILT_PRODUCTS_DIR)/ToDoList.app/$(BUNDLE_EXECUTABLE_FOLDER_PATH)/ToDoList";
			};
			name = Debug;
		};
		C6D53DC42C6E7E0100BE42E0 /* Release */ = {
			isa = XCBuildConfiguration;
			buildSettings = {
				ALWAYS_EMBED_SWIFT_STANDARD_LIBRARIES = YES;
				BUNDLE_LOADER = "$(TEST_HOST)";
				CODE_SIGN_STYLE = Automatic;
				CURRENT_PROJECT_VERSION = 1;
				DEVELOPMENT_TEAM = HMY846G9U2;
				GENERATE_INFOPLIST_FILE = YES;
				IPHONEOS_DEPLOYMENT_TARGET = 17.0;
				MARKETING_VERSION = 1.0;
				PRODUCT_BUNDLE_IDENTIFIER = vikram.ToDoListTests;
				PRODUCT_NAME = "$(TARGET_NAME)";
				SWIFT_EMIT_LOC_STRINGS = NO;
				SWIFT_VERSION = 5.0;
				TARGETED_DEVICE_FAMILY = "1,2";
				TEST_HOST = "$(BUILT_PRODUCTS_DIR)/ToDoList.app/$(BUNDLE_EXECUTABLE_FOLDER_PATH)/ToDoList";
			};
			name = Release;
		};
		C6D53DC62C6E7E0100BE42E0 /* Debug */ = {
			isa = XCBuildConfiguration;
			buildSettings = {
				ALWAYS_EMBED_SWIFT_STANDARD_LIBRARIES = YES;
				CODE_SIGN_STYLE = Automatic;
				CURRENT_PROJECT_VERSION = 1;
				DEVELOPMENT_TEAM = HMY846G9U2;
				GENERATE_INFOPLIST_FILE = YES;
				MARKETING_VERSION = 1.0;
				PRODUCT_BUNDLE_IDENTIFIER = vikram.ToDoListUITests;
				PRODUCT_NAME = "$(TARGET_NAME)";
				SWIFT_EMIT_LOC_STRINGS = NO;
				SWIFT_VERSION = 5.0;
				TARGETED_DEVICE_FAMILY = "1,2";
				TEST_TARGET_NAME = ToDoList;
			};
			name = Debug;
		};
		C6D53DC72C6E7E0100BE42E0 /* Release */ = {
			isa = XCBuildConfiguration;
			buildSettings = {
				ALWAYS_EMBED_SWIFT_STANDARD_LIBRARIES = YES;
				CODE_SIGN_STYLE = Automatic;
				CURRENT_PROJECT_VERSION = 1;
				DEVELOPMENT_TEAM = HMY846G9U2;
				GENERATE_INFOPLIST_FILE = YES;
				MARKETING_VERSION = 1.0;
				PRODUCT_BUNDLE_IDENTIFIER = vikram.ToDoListUITests;
				PRODUCT_NAME = "$(TARGET_NAME)";
				SWIFT_EMIT_LOC_STRINGS = NO;
				SWIFT_VERSION = 5.0;
				TARGETED_DEVICE_FAMILY = "1,2";
				TEST_TARGET_NAME = ToDoList;
			};
			name = Release;
		};
/* End XCBuildConfiguration section */

/* Begin XCConfigurationList section */
		C6D53D962C6E7DFE00BE42E0 /* Build configuration list for PBXProject "ToDoList" */ = {
			isa = XCConfigurationList;
			buildConfigurations = (
				C6D53DBD2C6E7E0100BE42E0 /* Debug */,
				C6D53DBE2C6E7E0100BE42E0 /* Release */,
			);
			defaultConfigurationIsVisible = 0;
			defaultConfigurationName = Release;
		};
		C6D53DBF2C6E7E0100BE42E0 /* Build configuration list for PBXNativeTarget "ToDoList" */ = {
			isa = XCConfigurationList;
			buildConfigurations = (
				C6D53DC02C6E7E0100BE42E0 /* Debug */,
				C6D53DC12C6E7E0100BE42E0 /* Release */,
			);
			defaultConfigurationIsVisible = 0;
			defaultConfigurationName = Release;
		};
		C6D53DC22C6E7E0100BE42E0 /* Build configuration list for PBXNativeTarget "ToDoListTests" */ = {
			isa = XCConfigurationList;
			buildConfigurations = (
				C6D53DC32C6E7E0100BE42E0 /* Debug */,
				C6D53DC42C6E7E0100BE42E0 /* Release */,
			);
			defaultConfigurationIsVisible = 0;
			defaultConfigurationName = Release;
		};
		C6D53DC52C6E7E0100BE42E0 /* Build configuration list for PBXNativeTarget "ToDoListUITests" */ = {
			isa = XCConfigurationList;
			buildConfigurations = (
				C6D53DC62C6E7E0100BE42E0 /* Debug */,
				C6D53DC72C6E7E0100BE42E0 /* Release */,
			);
			defaultConfigurationIsVisible = 0;
			defaultConfigurationName = Release;
		};
/* End XCConfigurationList section */

/* Begin XCRemoteSwiftPackageReference section */
		C6D53DC82C6F78C100BE42E0 /* XCRemoteSwiftPackageReference "firebase-ios-sdk" */ = {
			isa = XCRemoteSwiftPackageReference;
			repositoryURL = "https://github.com/firebase/firebase-ios-sdk.git";
			requirement = {
				kind = upToNextMajorVersion;
				minimumVersion = 11.0.0;
			};
		};
/* End XCRemoteSwiftPackageReference section */

/* Begin XCSwiftPackageProductDependency section */
		C6D53DC92C6F78C100BE42E0 /* FirebaseAuth */ = {
			isa = XCSwiftPackageProductDependency;
			package = C6D53DC82C6F78C100BE42E0 /* XCRemoteSwiftPackageReference "firebase-ios-sdk" */;
			productName = FirebaseAuth;
		};
		C6D53DCB2C6F78C100BE42E0 /* FirebaseFirestore */ = {
			isa = XCSwiftPackageProductDependency;
			package = C6D53DC82C6F78C100BE42E0 /* XCRemoteSwiftPackageReference "firebase-ios-sdk" */;
			productName = FirebaseFirestore;
		};
		C6D53DCD2C6F78C100BE42E0 /* FirebaseFirestoreCombine-Community */ = {
			isa = XCSwiftPackageProductDependency;
			package = C6D53DC82C6F78C100BE42E0 /* XCRemoteSwiftPackageReference "firebase-ios-sdk" */;
			productName = "FirebaseFirestoreCombine-Community";
		};
/* End XCSwiftPackageProductDependency section */
	};
	rootObject = C6D53D932C6E7DFE00BE42E0 /* Project object */;
}
